
Microsoft Visual Studio Solution File, Format Version 12.00
# Visual Studio Version 17
VisualStudioVersion = 17.0.32014.148
MinimumVisualStudioVersion = 10.0.40219.1
Project("{9A19103F-16F7-4668-BE54-9A1E7A4F7556}") = "example7", "example7.csproj", "{73025BA4-0E08-4D3C-BCB1-C9178B570104}"
EndProject
Global
	GlobalSection(SolutionConfigurationPlatforms) = preSolution
		Debug|Any CPU = Debug|Any CPU
		Release|Any CPU = Release|Any CPU
	EndGlobalSection
	GlobalSection(ProjectConfigurationPlatforms) = postSolution
		{73025BA4-0E08-4D3C-BCB1-C9178B570104}.Debug|Any CPU.ActiveCfg = Debug|Any CPU
		{73025BA4-0E08-4D3C-BCB1-C9178B570104}.Debug|Any CPU.Build.0 = Debug|Any CPU
		{73025BA4-0E08-4D3C-BCB1-C9178B570104}.Release|Any CPU.ActiveCfg = Release|Any CPU
		{73025BA4-0E08-4D3C-BCB1-C9178B570104}.Release|Any CPU.Build.0 = Release|Any CPU
	EndGlobalSection
	GlobalSection(SolutionProperties) = preSolution
		HideSolutionNode = FALSE
	EndGlobalSection
	GlobalSection(ExtensibilityGlobals) = postSolution
		SolutionGuid = {FCEFDF80-C718-4842-92B7-BCF9EB5BF3AD}
	EndGlobalSection
EndGlobal
